filippo.io/edwards25519 v1.2.0 h1:crnVqOiS4jqYleHd9vaKZ+HKtHfllngJIiOpNpoJsjo=
filippo.io/edwards25519 v1.2.0/go.mod h1:xzAOLCNug/yB62zG1bQ8uziwrIqIuxhctzJT18Q77mc=
github.com/eclipse/paho.mqtt.golang v1.5.1 h1:/VSOv3oDLlpqR2Epjn1Q7b2bSTplJIeV2ISgCl2W7nE=
github.com/eclipse/paho.mqtt.golang v1.5.1/go.mod h1:1/yJCneuyOoCOzKSsOTUc0AJfpsItBGWvYpBLimhArU=
github.com/gorilla/websocket v1.5.3 h1:saDtZ6Pbx/0u+bgYQ3q96pZgCzfhKXGPqt7kZ72aNNg=
github.com/gorilla/websocket v1.5.3/go.mod h1:YR8l580nyteQvAITg2hZ9XVh4b55+EU/adAjf1fMHhE=
github.com/meshcore-go/meshcore-go v1.5.0 h1:sNbGV1V7kf2ohP9WNTt6+WqKccEIB24BAOjS4I4b4vE=
github.com/meshcore-go/meshcore-go v1.5.0/go.mod h1:fdsJJIFjtuqiX13cpKjUY7cg4YzeUBgceEz2sbtnhL8=
github.com/meshcore-go/meshcore-go/companion/transport v1.5.0 h1:LbNMbk0n4Fj3zE4UYS93klPTO6Y68p0KBnwL67aWRR0=
github.com/meshcore-go/meshcore-go/companion/transport v1.5.0/go.mod h1:WhGj4gJdP8wzl14ITx8OeL4TjBtl6zKQZn45w8ESy4k=
github.com/meshcore-go/meshcore-go/hardware/transport v1.5.0 h1:wihmOoIxpBRV1K3uhQl8oh29w5Dm3KTJzwGGofamSuQ=
github.com/meshcore-go/meshcore-go/hardware/transport v1.5.0/go.mod h1:G8O3JnAdslkfUb6BLmzaCENMJOz8UVhc1p91Er1iziQ=
github.com/mochi-mqtt/server/v2 v2.7.9 h1:y0g4vrSLAag7T07l2oCzOa/+nKVLoazKEWAArwqBNYI=
github.com/mochi-mqtt/server/v2 v2.7.9/go.mod h1:lZD3j35AVNqJL5cezlnSkuG05c0FCHSsfAKSPBOSbqc=
github.com/rs/xid v1.4.0 h1:qd7wPTDkN6KQx2VmMBLrpHkiyQwgFXRnkOLacUiaSNY=
github.com/rs/xid v1.4.0/go.mod h1:trrq9SKmegXys3aeAKXMUTdJsYXVwGY3RLcfgqegfbg=
go.bug.st/serial v1.8.0 h1:ZtnmN8aYXtPlTghwSvDWPHKBHL9TM6oFDa+KpSn4SQE=
go.bug.st/serial v1.8.0/go.mod h1:d0MmS16Qt9b1m06yoYRNUXhRRTJV5Qg2S5EKqQtnayQ=
golang.org/x/crypto v0.56.0 h1:GUh5Ii4J5jtcseSMiRqr1jXCNHoxjeV9Fmekc2oLy6Y=
golang.org/x/crypto v0.56.0/go.mod h1:OMW5y6CY9l38uPLmxU6l6pwcXp1obtLo3e6gT7gQR2I=
golang.org/x/net v0.57.0 h1:K5+3DljvIuDG9/Jv9rvyMywYNFCQ9RSUY6OOTTkT+tE=
golang.org/x/net v0.57.0/go.mod h1:KpXc8iv+r3XplLAG/f7Jsf9RPszJzdR0f58q9vGOuEU=
golang.org/x/sync v0.17.0 h1:l60nONMj9l5drqw6jlhIELNv9I0A4OFgRsG9k2oT9Ug=
golang.org/x/sync v0.17.0/go.mod h1:9KTHXmSnoGruLpwFjVSX0lNNA75CykiMECbovNTZqGI=
golang.org/x/sys v0.47.0 h1:o7XGOvZQCADBQQ4Y7VNq2dRWQR7JmOUW8Kxx4ZsNgWs=
golang.org/x/sys v0.47.0/go.mod h1:4GL1E5IUh+htKOUEOaiffhrAeqysfVGipDYzABqnCmw=
