# CPython 3.13, Linux x86_64 (glibc >= 2.34).
# Input requirements: requirements.txt.
cffi==2.1.1 \
    --hash=sha256:a931079504ecc49efed7744c476a5c343a92fabf66dec2db95edb1b2fdc770e2
cryptography==45.0.7 \
    --hash=sha256:b6a0e535baec27b528cb07a119f321ac024592388c5681a5ced167ae98e9fff3
pycparser==3.0 \
    --hash=sha256:b727414169a36b7d524c1c3e31839a521725078d7b2ff038656844266160a992
PyNaCl==1.6.2 \
    --hash=sha256:c8a231e36ec2cab018c4ad4358c386e36eede0319a0c41fed24f840b1dac59f6
pyserial==3.5 \
    --hash=sha256:c4451db6ba391ca6ca299fb3ec7bae67a5c55dde170964c7a14ceefec02f2cf0
